
Microsoft Visual Studio Solution File, Format Version 12.00
# Visual Studio Version 17
VisualStudioVersion = 17.13.35825.156 d17.13
MinimumVisualStudioVersion = 10.0.40219.1
Project("{FAE04EC0-301F-11D3-BF4B-00C04F79EFBC}") = "Flappy Bird", "Flappy Bird.csproj", "{5288871B-0AB3-4951-8BE1-4001E3240F01}"
EndProject
Global
	GlobalSection(SolutionConfigurationPlatforms) = preSolution
		Debug|Any CPU = Debug|Any CPU
		Release|Any CPU = Release|Any CPU
	EndGlobalSection
	GlobalSection(ProjectConfigurationPlatforms) = postSolution
		{5288871B-0AB3-4951-8BE1-4001E3240F01}.Debug|Any CPU.ActiveCfg = Debug|Any CPU
		{5288871B-0AB3-4951-8BE1-4001E3240F01}.Debug|Any CPU.Build.0 = Debug|Any CPU
		{5288871B-0AB3-4951-8BE1-4001E3240F01}.Release|Any CPU.ActiveCfg = Release|Any CPU
		{5288871B-0AB3-4951-8BE1-4001E3240F01}.Release|Any CPU.Build.0 = Release|Any CPU
	EndGlobalSection
	GlobalSection(SolutionProperties) = preSolution
		HideSolutionNode = FALSE
	EndGlobalSection
	GlobalSection(ExtensibilityGlobals) = postSolution
		SolutionGuid = {2D9A0BA7-4AFD-42A2-AA6A-72D4B405DFC1}
	EndGlobalSection
EndGlobal
